
Microsoft Visual Studio Solution File, Format Version 12.00
# Visual Studio 15
VisualStudioVersion = 15.0.26124.0
MinimumVisualStudioVersion = 15.0.26124.0
Project("{2150E333-8FDC-42A3-9474-1A3956D46DE8}") = "src", "src", "{D0BDE3CE-E8AE-407E-A3F5-4800C43EF402}"
EndProject
Project("{FAE04EC0-301F-11D3-BF4B-00C04F79EFBC}") = "web", "src\web\web.csproj", "{266ED803-DAE4-464F-899A-DBE52D8439EE}"
EndProject
Project("{FAE04EC0-301F-11D3-BF4B-00C04F79EFBC}") = "application", "src\application\application.csproj", "{96EF2012-6348-459C-B703-C5A9948E3AE2}"
EndProject
Project("{FAE04EC0-301F-11D3-BF4B-00C04F79EFBC}") = "infrastructure", "src\infrastructure\infrastructure.csproj", "{95F58613-913F-4C5C-A0B9-B18EACB91CB9}"
EndProject
Global
	GlobalSection(SolutionConfigurationPlatforms) = preSolution
		Debug|Any CPU = Debug|Any CPU
		Debug|x64 = Debug|x64
		Debug|x86 = Debug|x86
		Release|Any CPU = Release|Any CPU
		Release|x64 = Release|x64
		Release|x86 = Release|x86
	EndGlobalSection
	GlobalSection(SolutionProperties) = preSolution
		HideSolutionNode = FALSE
	EndGlobalSection
	GlobalSection(ProjectConfigurationPlatforms) = postSolution
		{266ED803-DAE4-464F-899A-DBE52D8439EE}.Debug|Any CPU.ActiveCfg = Debug|Any CPU
		{266ED803-DAE4-464F-899A-DBE52D8439EE}.Debug|Any CPU.Build.0 = Debug|Any CPU
		{266ED803-DAE4-464F-899A-DBE52D8439EE}.Debug|x64.ActiveCfg = Debug|Any CPU
		{266ED803-DAE4-464F-899A-DBE52D8439EE}.Debug|x64.Build.0 = Debug|Any CPU
		{266ED803-DAE4-464F-899A-DBE52D8439EE}.Debug|x86.ActiveCfg = Debug|Any CPU
		{266ED803-DAE4-464F-899A-DBE52D8439EE}.Debug|x86.Build.0 = Debug|Any CPU
		{266ED803-DAE4-464F-899A-DBE52D8439EE}.Release|Any CPU.ActiveCfg = Release|Any CPU
		{266ED803-DAE4-464F-899A-DBE52D8439EE}.Release|Any CPU.Build.0 = Release|Any CPU
		{266ED803-DAE4-464F-899A-DBE52D8439EE}.Release|x64.ActiveCfg = Release|Any CPU
		{266ED803-DAE4-464F-899A-DBE52D8439EE}.Release|x64.Build.0 = Release|Any CPU
		{266ED803-DAE4-464F-899A-DBE52D8439EE}.Release|x86.ActiveCfg = Release|Any CPU
		{266ED803-DAE4-464F-899A-DBE52D8439EE}.Release|x86.Build.0 = Release|Any CPU
		{96EF2012-6348-459C-B703-C5A9948E3AE2}.Debug|Any CPU.ActiveCfg = Debug|Any CPU
		{96EF2012-6348-459C-B703-C5A9948E3AE2}.Debug|Any CPU.Build.0 = Debug|Any CPU
		{96EF2012-6348-459C-B703-C5A9948E3AE2}.Debug|x64.ActiveCfg = Debug|Any CPU
		{96EF2012-6348-459C-B703-C5A9948E3AE2}.Debug|x64.Build.0 = Debug|Any CPU
		{96EF2012-6348-459C-B703-C5A9948E3AE2}.Debug|x86.ActiveCfg = Debug|Any CPU
		{96EF2012-6348-459C-B703-C5A9948E3AE2}.Debug|x86.Build.0 = Debug|Any CPU
		{96EF2012-6348-459C-B703-C5A9948E3AE2}.Release|Any CPU.ActiveCfg = Release|Any CPU
		{96EF2012-6348-459C-B703-C5A9948E3AE2}.Release|Any CPU.Build.0 = Release|Any CPU
		{96EF2012-6348-459C-B703-C5A9948E3AE2}.Release|x64.ActiveCfg = Release|Any CPU
		{96EF2012-6348-459C-B703-C5A9948E3AE2}.Release|x64.Build.0 = Release|Any CPU
		{96EF2012-6348-459C-B703-C5A9948E3AE2}.Release|x86.ActiveCfg = Release|Any CPU
		{96EF2012-6348-459C-B703-C5A9948E3AE2}.Release|x86.Build.0 = Release|Any CPU
		{95F58613-913F-4C5C-A0B9-B18EACB91CB9}.Debug|Any CPU.ActiveCfg = Debug|Any CPU
		{95F58613-913F-4C5C-A0B9-B18EACB91CB9}.Debug|Any CPU.Build.0 = Debug|Any CPU
		{95F58613-913F-4C5C-A0B9-B18EACB91CB9}.Debug|x64.ActiveCfg = Debug|Any CPU
		{95F58613-913F-4C5C-A0B9-B18EACB91CB9}.Debug|x64.Build.0 = Debug|Any CPU
		{95F58613-913F-4C5C-A0B9-B18EACB91CB9}.Debug|x86.ActiveCfg = Debug|Any CPU
		{95F58613-913F-4C5C-A0B9-B18EACB91CB9}.Debug|x86.Build.0 = Debug|Any CPU
		{95F58613-913F-4C5C-A0B9-B18EACB91CB9}.Release|Any CPU.ActiveCfg = Release|Any CPU
		{95F58613-913F-4C5C-A0B9-B18EACB91CB9}.Release|Any CPU.Build.0 = Release|Any CPU
		{95F58613-913F-4C5C-A0B9-B18EACB91CB9}.Release|x64.ActiveCfg = Release|Any CPU
		{95F58613-913F-4C5C-A0B9-B18EACB91CB9}.Release|x64.Build.0 = Release|Any CPU
		{95F58613-913F-4C5C-A0B9-B18EACB91CB9}.Release|x86.ActiveCfg = Release|Any CPU
		{95F58613-913F-4C5C-A0B9-B18EACB91CB9}.Release|x86.Build.0 = Release|Any CPU
	EndGlobalSection
	GlobalSection(NestedProjects) = preSolution
		{266ED803-DAE4-464F-899A-DBE52D8439EE} = {D0BDE3CE-E8AE-407E-A3F5-4800C43EF402}
		{96EF2012-6348-459C-B703-C5A9948E3AE2} = {D0BDE3CE-E8AE-407E-A3F5-4800C43EF402}
		{95F58613-913F-4C5C-A0B9-B18EACB91CB9} = {D0BDE3CE-E8AE-407E-A3F5-4800C43EF402}
	EndGlobalSection
EndGlobal
